# This file is automatically @generated by Cargo.
# It is not intended for manual editing.
version = 4

[[package]]
name = "alphanumeric-sort"
version = "1.5.3"
source = "registry+https://github.com/rust-lang/crates.io-index"
checksum = "d67c60c5f10f11c6ee04de72b2dd98bb9d2548cbc314d22a609bfa8bd9e87e8f"

[[package]]
name = "gregory"
version = "0.1.0"
dependencies = [
 "alphanumeric-sort",
]
